Microsoft Visual Studio Solution File, Format Version 12.00
# Visual Studio Version 17
VisualStudioVersion = 17.5.2.0
MinimumVisualStudioVersion = 10.0.40219.1
Project("{FAE04EC0-301F-11D3-BF4B-00C04F79EFBC}") = "Aquanox", "Aquanox.csproj", "{73B661EC-460D-3A0B-27F3-2A853B2E79A5}"
EndProject
Global
	GlobalSection(SolutionConfigurationPlatforms) = preSolution
		Debug|Any CPU = Debug|Any CPU
		Release|Any CPU = Release|Any CPU
	EndGlobalSection
	GlobalSection(ProjectConfigurationPlatforms) = postSolution
		{73B661EC-460D-3A0B-27F3-2A853B2E79A5}.Debug|Any CPU.ActiveCfg = Debug|Any CPU
		{73B661EC-460D-3A0B-27F3-2A853B2E79A5}.Debug|Any CPU.Build.0 = Debug|Any CPU
		{73B661EC-460D-3A0B-27F3-2A853B2E79A5}.Release|Any CPU.ActiveCfg = Release|Any CPU
		{73B661EC-460D-3A0B-27F3-2A853B2E79A5}.Release|Any CPU.Build.0 = Release|Any CPU
	EndGlobalSection
	GlobalSection(SolutionProperties) = preSolution
		HideSolutionNode = FALSE
	EndGlobalSection
	GlobalSection(ExtensibilityGlobals) = postSolution
		SolutionGuid = {0CEED8A6-9CA1-476F-991C-77A0D764B115}
	EndGlobalSection
EndGlobal
